// !$*UTF8*$!
{
	archiveVersion = 1;
	classes = {
	};
	objectVersion = 55;
	objects = {

/* Begin PBXBuildFile section */
		0565B81D27A4C05300D0B8C8 /* NotificationHUD.swift in Sources */ = {isa = PBXBuildFile; fileRef = 0565B81B27A4C05300D0B8C8 /* NotificationHUD.swift */; };
		0565B81E27A4C05300D0B8C8 /* NotificationViewExtension.swift in Sources */ = {isa = PBXBuildFile; fileRef = 0565B81C27A4C05300D0B8C8 /* NotificationViewExtension.swift */; };
		0565B82027A4C0CC00D0B8C8 /* BlurView.swift in Sources */ = {isa = PBXBuildFile; fileRef = 0565B81F27A4C0CC00D0B8C8 /* BlurView.swift */; };
		0565B82527A4CB1D00D0B8C8 /* DefaultLoadingIndicator.swift in Sources */ = {isa = PBXBuildFile; fileRef = 0565B82427A4CB1D00D0B8C8 /* DefaultLoadingIndicator.swift */; };
		0565B82727A4E33A00D0B8C8 /* EmptyAvatarView.swift in Sources */ = {isa = PBXBuildFile; fileRef = 0565B82627A4E33A00D0B8C8 /* EmptyAvatarView.swift */; };
		0565B82927A4E81600D0B8C8 /* StringExtension.swift in Sources */ = {isa = PBXBuildFile; fileRef = 0565B82827A4E81500D0B8C8 /* StringExtension.swift */; };
		0565B82B27A4FCC500D0B8C8 /* ChatrGradients.swift in Sources */ = {isa = PBXBuildFile; fileRef = 0565B82A27A4FCC500D0B8C8 /* ChatrGradients.swift */; };
		0565B82D27A50F9A00D0B8C8 /* ClickInteractiveStyle.swift in Sources */ = {isa = PBXBuildFile; fileRef = 0565B82C27A50F9A00D0B8C8 /* ClickInteractiveStyle.swift */; };
		05D1FF43279CF56B008A038C /* ChatrUI.docc in Sources */ = {isa = PBXBuildFile; fileRef = 05D1FF42279CF56B008A038C /* ChatrUI.docc */; };
		05D1FF44279CF56B008A038C /* ChatrUI.h in Headers */ = {isa = PBXBuildFile; fileRef = 05D1FF41279CF56B008A038C /* ChatrUI.h */; settings = {ATTRIBUTES = (Public, ); }; };
		05D1FF4E279CF895008A038C /* ChatrListSection.swift in Sources */ = {isa = PBXBuildFile; fileRef = 05D1FF4D279CF895008A038C /* ChatrListSection.swift */; };
		05DCB34B279D005A0078EE3B /* BaseColors.xcassets in Resources */ = {isa = PBXBuildFile; fileRef = 05DCB34A279D005A0078EE3B /* BaseColors.xcassets */; };
		05DCB34D279D026E0078EE3B /* ChatrListButtonStandard.swift in Sources */ = {isa = PBXBuildFile; fileRef = 05DCB34C279D026E0078EE3B /* ChatrListButtonStandard.swift */; };
		05DCB350279D05370078EE3B /* ChatrDefaultInteractiveStyle.swift in Sources */ = {isa = PBXBuildFile; fileRef = 05DCB34F279D05370078EE3B /* ChatrDefaultInteractiveStyle.swift */; };
		05DCB353279D073A0078EE3B /* Constants.swift in Sources */ = {isa = PBXBuildFile; fileRef = 05DCB352279D073A0078EE3B /* Constants.swift */; };
		05DCB355279D1D940078EE3B /* HapticFeedback.swift in Sources */ = {isa = PBXBuildFile; fileRef = 05DCB354279D1D940078EE3B /* HapticFeedback.swift */; };
		05FB96E7279F79D2005377AF /* Blob.swift in Sources */ = {isa = PBXBuildFile; fileRef = 05FB96E6279F79D2005377AF /* Blob.swift */; };
		05FB96E9279F79F3005377AF /* IrregularGradient.swift in Sources */ = {isa = PBXBuildFile; fileRef = 05FB96E8279F79F3005377AF /* IrregularGradient.swift */; };
		05FB96EB279F7A4D005377AF /* IrregularGradientModifiers.swift in Sources */ = {isa = PBXBuildFile; fileRef = 05FB96EA279F7A4D005377AF /* IrregularGradientModifiers.swift */; };
		05FB96ED279F7B09005377AF /* ChatrTextFieldSingle.swift in Sources */ = {isa = PBXBuildFile; fileRef = 05FB96EC279F7B09005377AF /* ChatrTextFieldSingle.swift */; };
		05FB96F2279FAB7B005377AF /* ChatrFonts.swift in Sources */ = {isa = PBXBuildFile; fileRef = 05FB96F1279FAB7B005377AF /* ChatrFonts.swift */; };
		05FB96F5279FB185005377AF /* ChatrTextFieldList.swift in Sources */ = {isa = PBXBuildFile; fileRef = 05FB96F4279FB185005377AF /* ChatrTextFieldList.swift */; };
		05FB97AF27A0C418005377AF /* PinchToZoom.swift in Sources */ = {isa = PBXBuildFile; fileRef = 05FB97AE27A0C418005377AF /* PinchToZoom.swift */; };
		05FB97B227A0C512005377AF /* AlertBadge.swift in Sources */ = {isa = PBXBuildFile; fileRef = 05FB97B127A0C512005377AF /* AlertBadge.swift */; };
		05FB97B427A0C64C005377AF /* ChatrColors.swift in Sources */ = {isa = PBXBuildFile; fileRef = 05FB97B327A0C64C005377AF /* ChatrColors.swift */; };
/* End PBXBuildFile section */

/* Begin PBXFileReference section */
		0565B81B27A4C05300D0B8C8 /* NotificationHUD.swift */ = {isa = PBXFileReference; fileEncoding = 4; lastKnownFileType = sourcecode.swift; path = NotificationHUD.swift; sourceTree = "<group>"; };
		0565B81C27A4C05300D0B8C8 /* NotificationViewExtension.swift */ = {isa = PBXFileReference; fileEncoding = 4; lastKnownFileType = sourcecode.swift; path = NotificationViewExtension.swift; sourceTree = "<group>"; };
		0565B81F27A4C0CC00D0B8C8 /* BlurView.swift */ = {isa = PBXFileReference; lastKnownFileType = sourcecode.swift; path = BlurView.swift; sourceTree = "<group>"; };
		0565B82427A4CB1D00D0B8C8 /* DefaultLoadingIndicator.swift */ = {isa = PBXFileReference; lastKnownFileType = sourcecode.swift; path = DefaultLoadingIndicator.swift; sourceTree = "<group>"; };
		0565B82627A4E33A00D0B8C8 /* EmptyAvatarView.swift */ = {isa = PBXFileReference; lastKnownFileType = sourcecode.swift; path = EmptyAvatarView.swift; sourceTree = "<group>"; };
		0565B82827A4E81500D0B8C8 /* StringExtension.swift */ = {isa = PBXFileReference; lastKnownFileType = sourcecode.swift; path = StringExtension.swift; sourceTree = "<group>"; };
		0565B82A27A4FCC500D0B8C8 /* ChatrGradients.swift */ = {isa = PBXFileReference; lastKnownFileType = sourcecode.swift; path = ChatrGradients.swift; sourceTree = "<group>"; };
		0565B82C27A50F9A00D0B8C8 /* ClickInteractiveStyle.swift */ = {isa = PBXFileReference; lastKnownFileType = sourcecode.swift; path = ClickInteractiveStyle.swift; sourceTree = "<group>"; };
		05D1FF3E279CF56B008A038C /* ChatrUI.framework */ = {isa = PBXFileReference; explicitFileType = wrapper.framework; includeInIndex = 0; path = ChatrUI.framework; sourceTree = BUILT_PRODUCTS_DIR; };
		05D1FF41279CF56B008A038C /* ChatrUI.h */ = {isa = PBXFileReference; lastKnownFileType = sourcecode.c.h; path = ChatrUI.h; sourceTree = "<group>"; };
		05D1FF42279CF56B008A038C /* ChatrUI.docc */ = {isa = PBXFileReference; lastKnownFileType = folder.documentationcatalog; path = ChatrUI.docc; sourceTree = "<group>"; };
		05D1FF4D279CF895008A038C /* ChatrListSection.swift */ = {isa = PBXFileReference; lastKnownFileType = sourcecode.swift; path = ChatrListSection.swift; sourceTree = "<group>"; };
		05DCB34A279D005A0078EE3B /* BaseColors.xcassets */ = {isa = PBXFileReference; lastKnownFileType = folder.assetcatalog; name = BaseColors.xcassets; path = ChatrUI/Colors/BaseColors.xcassets; sourceTree = SOURCE_ROOT; };
		05DCB34C279D026E0078EE3B /* ChatrListButtonStandard.swift */ = {isa = PBXFileReference; lastKnownFileType = sourcecode.swift; path = ChatrListButtonStandard.swift; sourceTree = "<group>"; };
		05DCB34F279D05370078EE3B /* ChatrDefaultInteractiveStyle.swift */ = {isa = PBXFileReference; lastKnownFileType = sourcecode.swift; path = ChatrDefaultInteractiveStyle.swift; sourceTree = "<group>"; };
		05DCB352279D073A0078EE3B /* Constants.swift */ = {isa = PBXFileReference; lastKnownFileType = sourcecode.swift; path = Constants.swift; sourceTree = "<group>"; };
		05DCB354279D1D940078EE3B /* HapticFeedback.swift */ = {isa = PBXFileReference; lastKnownFileType = sourcecode.swift; path = HapticFeedback.swift; sourceTree = "<group>"; };
		05FB96E6279F79D2005377AF /* Blob.swift */ = {isa = PBXFileReference; lastKnownFileType = sourcecode.swift; path = Blob.swift; sourceTree = "<group>"; };
		05FB96E8279F79F3005377AF /* IrregularGradient.swift */ = {isa = PBXFileReference; lastKnownFileType = sourcecode.swift; path = IrregularGradient.swift; sourceTree = "<group>"; };
		05FB96EA279F7A4D005377AF /* IrregularGradientModifiers.swift */ = {isa = PBXFileReference; lastKnownFileType = sourcecode.swift; path = IrregularGradientModifiers.swift; sourceTree = "<group>"; };
		05FB96EC279F7B09005377AF /* ChatrTextFieldSingle.swift */ = {isa = PBXFileReference; lastKnownFileType = sourcecode.swift; path = ChatrTextFieldSingle.swift; sourceTree = "<group>"; };
		05FB96F1279FAB7B005377AF /* ChatrFonts.swift */ = {isa = PBXFileReference; lastKnownFileType = sourcecode.swift; path = ChatrFonts.swift; sourceTree = "<group>"; };
		05FB96F4279FB185005377AF /* ChatrTextFieldList.swift */ = {isa = PBXFileReference; fileEncoding = 4; lastKnownFileType = sourcecode.swift; path = ChatrTextFieldList.swift; sourceTree = "<group>"; };
		05FB97AE27A0C418005377AF /* PinchToZoom.swift */ = {isa = PBXFileReference; lastKnownFileType = sourcecode.swift; path = PinchToZoom.swift; sourceTree = "<group>"; };
		05FB97B127A0C512005377AF /* AlertBadge.swift */ = {isa = PBXFileReference; lastKnownFileType = sourcecode.swift; path = AlertBadge.swift; sourceTree = "<group>"; };
		05FB97B327A0C64C005377AF /* ChatrColors.swift */ = {isa = PBXFileReference; lastKnownFileType = sourcecode.swift; path = ChatrColors.swift; sourceTree = "<group>"; };
/* End PBXFileReference section */

/* Begin PBXFrameworksBuildPhase section */
		05D1FF3B279CF56B008A038C /* Frameworks */ = {
			isa = PBXFrameworksBuildPhase;
			buildActionMask = 2147483647;
			files = (
			);
			runOnlyForDeploymentPostprocessing = 0;
		};
/* End PBXFrameworksBuildPhase section */

/* Begin PBXGroup section */
		0565B82327A4CAFB00D0B8C8 /* Views */ = {
			isa = PBXGroup;
			children = (
				0565B81F27A4C0CC00D0B8C8 /* BlurView.swift */,
				0565B82427A4CB1D00D0B8C8 /* DefaultLoadingIndicator.swift */,
				0565B82627A4E33A00D0B8C8 /* EmptyAvatarView.swift */,
			);
			path = Views;
			sourceTree = "<group>";
		};
		05D1FF34279CF56B008A038C = {
			isa = PBXGroup;
			children = (
				05D1FF40279CF56B008A038C /* ChatrUI */,
				05D1FF3F279CF56B008A038C /* Products */,
			);
			sourceTree = "<group>";
		};
		05D1FF3F279CF56B008A038C /* Products */ = {
			isa = PBXGroup;
			children = (
				05D1FF3E279CF56B008A038C /* ChatrUI.framework */,
			);
			name = Products;
			sourceTree = "<group>";
		};
		05D1FF40279CF56B008A038C /* ChatrUI */ = {
			isa = PBXGroup;
			children = (
				05D1FF41279CF56B008A038C /* ChatrUI.h */,
				05FB96F3279FAB82005377AF /* Theme */,
				05FB96E4279F796F005377AF /* Elements */,
				05DCB351279D068D0078EE3B /* Helpers */,
				05DCB349279CFFFE0078EE3B /* Colors */,
				05D1FF42279CF56B008A038C /* ChatrUI.docc */,
			);
			path = ChatrUI;
			sourceTree = "<group>";
		};
		05D1FF4A279CF755008A038C /* Buttons */ = {
			isa = PBXGroup;
			children = (
				05DCB34E279D04FA0078EE3B /* Modifiers */,
				05DCB34C279D026E0078EE3B /* ChatrListButtonStandard.swift */,
			);
			path = Buttons;
			sourceTree = "<group>";
		};
		05D1FF4B279CF844008A038C /* Text Fields */ = {
			isa = PBXGroup;
			children = (
				05FB96EC279F7B09005377AF /* ChatrTextFieldSingle.swift */,
				05FB96F4279FB185005377AF /* ChatrTextFieldList.swift */,
			);
			path = "Text Fields";
			sourceTree = "<group>";
		};
		05D1FF4C279CF86E008A038C /* Lists */ = {
			isa = PBXGroup;
			children = (
				05D1FF4D279CF895008A038C /* ChatrListSection.swift */,
			);
			path = Lists;
			sourceTree = "<group>";
		};
		05DCB349279CFFFE0078EE3B /* Colors */ = {
			isa = PBXGroup;
			children = (
				05DCB34A279D005A0078EE3B /* BaseColors.xcassets */,
			);
			path = Colors;
			sourceTree = "<group>";
		};
		05DCB34E279D04FA0078EE3B /* Modifiers */ = {
			isa = PBXGroup;
			children = (
				05DCB34F279D05370078EE3B /* ChatrDefaultInteractiveStyle.swift */,
				0565B82C27A50F9A00D0B8C8 /* ClickInteractiveStyle.swift */,
			);
			path = Modifiers;
			sourceTree = "<group>";
		};
		05DCB351279D068D0078EE3B /* Helpers */ = {
			isa = PBXGroup;
			children = (
				05DCB352279D073A0078EE3B /* Constants.swift */,
				05DCB354279D1D940078EE3B /* HapticFeedback.swift */,
				05FB97AE27A0C418005377AF /* PinchToZoom.swift */,
				0565B82827A4E81500D0B8C8 /* StringExtension.swift */,
			);
			path = Helpers;
			sourceTree = "<group>";
		};
		05FB96E4279F796F005377AF /* Elements */ = {
			isa = PBXGroup;
			children = (
				0565B82327A4CAFB00D0B8C8 /* Views */,
				05D1FF4A279CF755008A038C /* Buttons */,
				05D1FF4C279CF86E008A038C /* Lists */,
				05D1FF4B279CF844008A038C /* Text Fields */,
				05FB97B027A0C4B4005377AF /* Notifications */,
				05FB96E5279F7997005377AF /* Irregular Gradients */,
			);
			path = Elements;
			sourceTree = "<group>";
		};
		05FB96E5279F7997005377AF /* Irregular Gradients */ = {
			isa = PBXGroup;
			children = (
				05FB96E6279F79D2005377AF /* Blob.swift */,
				05FB96E8279F79F3005377AF /* IrregularGradient.swift */,
				05FB96EA279F7A4D005377AF /* IrregularGradientModifiers.swift */,
			);
			path = "Irregular Gradients";
			sourceTree = "<group>";
		};
		05FB96F3279FAB82005377AF /* Theme */ = {
			isa = PBXGroup;
			children = (
				05FB96F1279FAB7B005377AF /* ChatrFonts.swift */,
				05FB97B327A0C64C005377AF /* ChatrColors.swift */,
				0565B82A27A4FCC500D0B8C8 /* ChatrGradients.swift */,
			);
			name = Theme;
			sourceTree = "<group>";
		};
		05FB97B027A0C4B4005377AF /* Notifications */ = {
			isa = PBXGroup;
			children = (
				0565B81C27A4C05300D0B8C8 /* NotificationViewExtension.swift */,
				0565B81B27A4C05300D0B8C8 /* NotificationHUD.swift */,
				05FB97B127A0C512005377AF /* AlertBadge.swift */,
			);
			path = Notifications;
			sourceTree = "<group>";
		};
/* End PBXGroup section */

/* Begin PBXHeadersBuildPhase section */
		05D1FF39279CF56B008A038C /* Headers */ = {
			isa = PBXHeadersBuildPhase;
			buildActionMask = 2147483647;
			files = (
				05D1FF44279CF56B008A038C /* ChatrUI.h in Headers */,
			);
			runOnlyForDeploymentPostprocessing = 0;
		};
/* End PBXHeadersBuildPhase section */

/* Begin PBXNativeTarget section */
		05D1FF3D279CF56B008A038C /* ChatrUI */ = {
			isa = PBXNativeTarget;
			buildConfigurationList = 05D1FF47279CF56B008A038C /* Build configuration list for PBXNativeTarget "ChatrUI" */;
			buildPhases = (
				05D1FF39279CF56B008A038C /* Headers */,
				05D1FF3A279CF56B008A038C /* Sources */,
				05D1FF3B279CF56B008A038C /* Frameworks */,
				05D1FF3C279CF56B008A038C /* Resources */,
			);
			buildRules = (
			);
			dependencies = (
			);
			name = ChatrUI;
			productName = ChatrUI;
			productReference = 05D1FF3E279CF56B008A038C /* ChatrUI.framework */;
			productType = "com.apple.product-type.framework";
		};
/* End PBXNativeTarget section */

/* Begin PBXProject section */
		05D1FF35279CF56B008A038C /* Project object */ = {
			isa = PBXProject;
			attributes = {
				BuildIndependentTargetsInParallel = 1;
				LastUpgradeCheck = 1320;
				TargetAttributes = {
					05D1FF3D279CF56B008A038C = {
						CreatedOnToolsVersion = 13.2.1;
					};
				};
			};
			buildConfigurationList = 05D1FF38279CF56B008A038C /* Build configuration list for PBXProject "ChatrUI" */;
			compatibilityVersion = "Xcode 13.0";
			developmentRegion = en;
			hasScannedForEncodings = 0;
			knownRegions = (
				en,
				Base,
			);
			mainGroup = 05D1FF34279CF56B008A038C;
			productRefGroup = 05D1FF3F279CF56B008A038C /* Products */;
			projectDirPath = "";
			projectRoot = "";
			targets = (
				05D1FF3D279CF56B008A038C /* ChatrUI */,
			);
		};
/* End PBXProject section */

/* Begin PBXResourcesBuildPhase section */
		05D1FF3C279CF56B008A038C /* Resources */ = {
			isa = PBXResourcesBuildPhase;
			buildActionMask = 2147483647;
			files = (
				05DCB34B279D005A0078EE3B /* BaseColors.xcassets in Resources */,
			);
			runOnlyForDeploymentPostprocessing = 0;
		};
/* End PBXResourcesBuildPhase section */

/* Begin PBXSourcesBuildPhase section */
		05D1FF3A279CF56B008A038C /* Sources */ = {
			isa = PBXSourcesBuildPhase;
			buildActionMask = 2147483647;
			files = (
				05FB97B427A0C64C005377AF /* ChatrColors.swift in Sources */,
				05DCB34D279D026E0078EE3B /* ChatrListButtonStandard.swift in Sources */,
				05FB96EB279F7A4D005377AF /* IrregularGradientModifiers.swift in Sources */,
				05D1FF4E279CF895008A038C /* ChatrListSection.swift in Sources */,
				05FB96E7279F79D2005377AF /* Blob.swift in Sources */,
				0565B82727A4E33A00D0B8C8 /* EmptyAvatarView.swift in Sources */,
				0565B82027A4C0CC00D0B8C8 /* BlurView.swift in Sources */,
				05FB96ED279F7B09005377AF /* ChatrTextFieldSingle.swift in Sources */,
				0565B82927A4E81600D0B8C8 /* StringExtension.swift in Sources */,
				05D1FF43279CF56B008A038C /* ChatrUI.docc in Sources */,
				0565B82B27A4FCC500D0B8C8 /* ChatrGradients.swift in Sources */,
				05FB97B227A0C512005377AF /* AlertBadge.swift in Sources */,
				0565B82D27A50F9A00D0B8C8 /* ClickInteractiveStyle.swift in Sources */,
				0565B81E27A4C05300D0B8C8 /* NotificationViewExtension.swift in Sources */,
				0565B81D27A4C05300D0B8C8 /* NotificationHUD.swift in Sources */,
				05FB96F5279FB185005377AF /* ChatrTextFieldList.swift in Sources */,
				05DCB350279D05370078EE3B /* ChatrDefaultInteractiveStyle.swift in Sources */,
				05FB96F2279FAB7B005377AF /* ChatrFonts.swift in Sources */,
				05FB97AF27A0C418005377AF /* PinchToZoom.swift in Sources */,
				05FB96E9279F79F3005377AF /* IrregularGradient.swift in Sources */,
				05DCB353279D073A0078EE3B /* Constants.swift in Sources */,
				0565B82527A4CB1D00D0B8C8 /* DefaultLoadingIndicator.swift in Sources */,
				05DCB355279D1D940078EE3B /* HapticFeedback.swift in Sources */,
			);
			runOnlyForDeploymentPostprocessing = 0;
		};
/* End PBXSourcesBuildPhase section */

/* Begin XCBuildConfiguration section */
		05D1FF45279CF56B008A038C /* Debug */ = {
			isa = XCBuildConfiguration;
			buildSettings = {
				ALWAYS_SEARCH_USER_PATHS = NO;
				CLANG_ANALYZER_NONNULL = YES;
				CLANG_ANALYZER_NUMBER_OBJECT_CONVERSION = YES_AGGRESSIVE;
				CLANG_CXX_LANGUAGE_STANDARD = "gnu++17";
				CLANG_CXX_LIBRARY = "libc++";
				CLANG_ENABLE_MODULES = YES;
				CLANG_ENABLE_OBJC_ARC = YES;
				CLANG_ENABLE_OBJC_WEAK = YES;
				CLANG_WARN_BLOCK_CAPTURE_AUTORELEASING = YES;
				CLANG_WARN_BOOL_CONVERSION = YES;
				CLANG_WARN_COMMA = YES;
				CLANG_WARN_CONSTANT_CONVERSION = YES;
				CLANG_WARN_DEPRECATED_OBJC_IMPLEMENTATIONS = YES;
				CLANG_WARN_DIRECT_OBJC_ISA_USAGE = YES_ERROR;
				CLANG_WARN_DOCUMENTATION_COMMENTS = YES;
				CLANG_WARN_EMPTY_BODY = YES;
				CLANG_WARN_ENUM_CONVERSION = YES;
				CLANG_WARN_INFINITE_RECURSION = YES;
				CLANG_WARN_INT_CONVERSION = YES;
				CLANG_WARN_NON_LITERAL_NULL_CONVERSION = YES;
				CLANG_WARN_OBJC_IMPLICIT_RETAIN_SELF = YES;
				CLANG_WARN_OBJC_LITERAL_CONVERSION = YES;
				CLANG_WARN_OBJC_ROOT_CLASS = YES_ERROR;
				CLANG_WARN_QUOTED_INCLUDE_IN_FRAMEWORK_HEADER = YES;
				CLANG_WARN_RANGE_LOOP_ANALYSIS = YES;
				CLANG_WARN_STRICT_PROTOTYPES = YES;
				CLANG_WARN_SUSPICIOUS_MOVE = YES;
				CLANG_WARN_UNGUARDED_AVAILABILITY = YES_AGGRESSIVE;
				CLANG_WARN_UNREACHABLE_CODE = YES;
				CLANG_WARN__DUPLICATE_METHOD_MATCH = YES;
				COPY_PHASE_STRIP = NO;
				CURRENT_PROJECT_VERSION = 1;
				DEBUG_INFORMATION_FORMAT = dwarf;
				ENABLE_STRICT_OBJC_MSGSEND = YES;
				ENABLE_TESTABILITY = YES;
				GCC_C_LANGUAGE_STANDARD = gnu11;
				GCC_DYNAMIC_NO_PIC = NO;
				GCC_NO_COMMON_BLOCKS = YES;
				GCC_OPTIMIZATION_LEVEL = 0;
				GCC_PREPROCESSOR_DEFINITIONS = (
					"DEBUG=1",
					"$(inherited)",
				);
				GCC_WARN_64_TO_32_BIT_CONVERSION = YES;
				GCC_WARN_ABOUT_RETURN_TYPE = YES_ERROR;
				GCC_WARN_UNDECLARED_SELECTOR = YES;
				GCC_WARN_UNINITIALIZED_AUTOS = YES_AGGRESSIVE;
				GCC_WARN_UNUSED_FUNCTION = YES;
				GCC_WARN_UNUSED_VARIABLE = YES;
				IPHONEOS_DEPLOYMENT_TARGET = 15.2;
				MTL_ENABLE_DEBUG_INFO = INCLUDE_SOURCE;
				MTL_FAST_MATH = YES;
				ONLY_ACTIVE_ARCH = YES;
				SDKROOT = iphoneos;
				SWIFT_ACTIVE_COMPILATION_CONDITIONS = DEBUG;
				SWIFT_OPTIMIZATION_LEVEL = "-Onone";
				VERSIONING_SYSTEM = "apple-generic";
				VERSION_INFO_PREFIX = "";
			};
			name = Debug;
		};
		05D1FF46279CF56B008A038C /* Release */ = {
			isa = XCBuildConfiguration;
			buildSettings = {
				ALWAYS_SEARCH_USER_PATHS = NO;
				CLANG_ANALYZER_NONNULL = YES;
				CLANG_ANALYZER_NUMBER_OBJECT_CONVERSION = YES_AGGRESSIVE;
				CLANG_CXX_LANGUAGE_STANDARD = "gnu++17";
				CLANG_CXX_LIBRARY = "libc++";
				CLANG_ENABLE_MODULES = YES;
				CLANG_ENABLE_OBJC_ARC = YES;
				CLANG_ENABLE_OBJC_WEAK = YES;
				CLANG_WARN_BLOCK_CAPTURE_AUTORELEASING = YES;
				CLANG_WARN_BOOL_CONVERSION = YES;
				CLANG_WARN_COMMA = YES;
				CLANG_WARN_CONSTANT_CONVERSION = YES;
				CLANG_WARN_DEPRECATED_OBJC_IMPLEMENTATIONS = YES;
				CLANG_WARN_DIRECT_OBJC_ISA_USAGE = YES_ERROR;
				CLANG_WARN_DOCUMENTATION_COMMENTS = YES;
				CLANG_WARN_EMPTY_BODY = YES;
				CLANG_WARN_ENUM_CONVERSION = YES;
				CLANG_WARN_INFINITE_RECURSION = YES;
				CLANG_WARN_INT_CONVERSION = YES;
				CLANG_WARN_NON_LITERAL_NULL_CONVERSION = YES;
				CLANG_WARN_OBJC_IMPLICIT_RETAIN_SELF = YES;
				CLANG_WARN_OBJC_LITERAL_CONVERSION = YES;
				CLANG_WARN_OBJC_ROOT_CLASS = YES_ERROR;
				CLANG_WARN_QUOTED_INCLUDE_IN_FRAMEWORK_HEADER = YES;
				CLANG_WARN_RANGE_LOOP_ANALYSIS = YES;
				CLANG_WARN_STRICT_PROTOTYPES = YES;
				CLANG_WARN_SUSPICIOUS_MOVE = YES;
				CLANG_WARN_UNGUARDED_AVAILABILITY = YES_AGGRESSIVE;
				CLANG_WARN_UNREACHABLE_CODE = YES;
				CLANG_WARN__DUPLICATE_METHOD_MATCH = YES;
				COPY_PHASE_STRIP = NO;
				CURRENT_PROJECT_VERSION = 1;
				DEBUG_INFORMATION_FORMAT = "dwarf-with-dsym";
				ENABLE_NS_ASSERTIONS = NO;
				ENABLE_STRICT_OBJC_MSGSEND = YES;
				GCC_C_LANGUAGE_STANDARD = gnu11;
				GCC_NO_COMMON_BLOCKS = YES;
				GCC_WARN_64_TO_32_BIT_CONVERSION = YES;
				GCC_WARN_ABOUT_RETURN_TYPE = YES_ERROR;
				GCC_WARN_UNDECLARED_SELECTOR = YES;
				GCC_WARN_UNINITIALIZED_AUTOS = YES_AGGRESSIVE;
				GCC_WARN_UNUSED_FUNCTION = YES;
				GCC_WARN_UNUSED_VARIABLE = YES;
				IPHONEOS_DEPLOYMENT_TARGET = 15.2;
				MTL_ENABLE_DEBUG_INFO = NO;
				MTL_FAST_MATH = YES;
				SDKROOT = iphoneos;
				SWIFT_COMPILATION_MODE = wholemodule;
				SWIFT_OPTIMIZATION_LEVEL = "-O";
				VALIDATE_PRODUCT = YES;
				VERSIONING_SYSTEM = "apple-generic";
				VERSION_INFO_PREFIX = "";
			};
			name = Release;
		};
		05D1FF48279CF56B008A038C /* Debug */ = {
			isa = XCBuildConfiguration;
			buildSettings = {
				CODE_SIGN_STYLE = Automatic;
				CURRENT_PROJECT_VERSION = 1;
				DEFINES_MODULE = YES;
				DEVELOPMENT_TEAM = TEV97DGLYR;
				DYLIB_COMPATIBILITY_VERSION = 1;
				DYLIB_CURRENT_VERSION = 1;
				DYLIB_INSTALL_NAME_BASE = "@rpath";
				GENERATE_INFOPLIST_FILE = YES;
				INFOPLIST_KEY_NSHumanReadableCopyright = "";
				INSTALL_PATH = "$(LOCAL_LIBRARY_DIR)/Frameworks";
				LD_RUNPATH_SEARCH_PATHS = (
					"$(inherited)",
					"@executable_path/Frameworks",
					"@loader_path/Frameworks",
				);
				MARKETING_VERSION = 1.0;
				PRODUCT_BUNDLE_IDENTIFIER = com.brandonshaw.ChatrUI;
				PRODUCT_NAME = "$(TARGET_NAME:c99extidentifier)";
				SKIP_INSTALL = YES;
				SWIFT_EMIT_LOC_STRINGS = YES;
				SWIFT_VERSION = 5.0;
				TARGETED_DEVICE_FAMILY = "1,2";
			};
			name = Debug;
		};
		05D1FF49279CF56B008A038C /* Release */ = {
			isa = XCBuildConfiguration;
			buildSettings = {
				CODE_SIGN_STYLE = Automatic;
				CURRENT_PROJECT_VERSION = 1;
				DEFINES_MODULE = YES;
				DEVELOPMENT_TEAM = TEV97DGLYR;
				DYLIB_COMPATIBILITY_VERSION = 1;
				DYLIB_CURRENT_VERSION = 1;
				DYLIB_INSTALL_NAME_BASE = "@rpath";
				GENERATE_INFOPLIST_FILE = YES;
				INFOPLIST_KEY_NSHumanReadableCopyright = "";
				INSTALL_PATH = "$(LOCAL_LIBRARY_DIR)/Frameworks";
				LD_RUNPATH_SEARCH_PATHS = (
					"$(inherited)",
					"@executable_path/Frameworks",
					"@loader_path/Frameworks",
				);
				MARKETING_VERSION = 1.0;
				PRODUCT_BUNDLE_IDENTIFIER = com.brandonshaw.ChatrUI;
				PRODUCT_NAME = "$(TARGET_NAME:c99extidentifier)";
				SKIP_INSTALL = YES;
				SWIFT_EMIT_LOC_STRINGS = YES;
				SWIFT_VERSION = 5.0;
				TARGETED_DEVICE_FAMILY = "1,2";
			};
			name = Release;
		};
/* End XCBuildConfiguration section */

/* Begin XCConfigurationList section */
		05D1FF38279CF56B008A038C /* Build configuration list for PBXProject "ChatrUI" */ = {
			isa = XCConfigurationList;
			buildConfigurations = (
				05D1FF45279CF56B008A038C /* Debug */,
				05D1FF46279CF56B008A038C /* Release */,
			);
			defaultConfigurationIsVisible = 0;
			defaultConfigurationName = Release;
		};
		05D1FF47279CF56B008A038C /* Build configuration list for PBXNativeTarget "ChatrUI" */ = {
			isa = XCConfigurationList;
			buildConfigurations = (
				05D1FF48279CF56B008A038C /* Debug */,
				05D1FF49279CF56B008A038C /* Release */,
			);
			defaultConfigurationIsVisible = 0;
			defaultConfigurationName = Release;
		};
/* End XCConfigurationList section */
	};
	rootObject = 05D1FF35279CF56B008A038C /* Project object */;
}
